<?xml version="1.0" encoding="utf-8"?>
<Project ToolsVersion="4.0" xmlns="http://schemas.microsoft.com/developer/msbuild/2003">
  <ItemGroup>
    <Filter Include="Source Files">
      <UniqueIdentifier>{45cc8c21-4d79-4f72-8b79-a49857051f59}</UniqueIdentifier>
      <Extensions>cpp;c;cxx;rc;def;r;odl;idl;hpj;bat</Extensions>
    </Filter>
    <Filter Include="Header Files">
      <UniqueIdentifier>{c1615f3a-8b18-43b7-b4bc-b5e1c5f0f616}</UniqueIdentifier>
      <Extensions>h;hpp;hxx;hm;inl</Extensions>
    </Filter>
    <Filter Include="Resource Files">
      <UniqueIdentifier>{d276cf4e-bd6b-46e1-a23f-1c134b4ed70f}</UniqueIdentifier>
      <Extensions>ico;cur;bmp;dlg;rc2;rct;bin;rgs;gif;jpg;jpeg;jpe</Extensions>
    </Filter>
  </ItemGroup>
  <ItemGroup>
    <ClCompile Include="DevMgr.c">
      <Filter>Source Files</Filter>
    </ClCompile>
    <ClCompile Include="GetTypeInfo.c">
      <Filter>Source Files</Filter>
    </ClCompile>
    <ClCompile Include="Setup.c">
      <Filter>Source Files</Filter>
    </ClCompile>
    <ClCompile Include="SysSetup.c">
      <Filter>Source Files</Filter>
    </ClCompile>
    <ClCompile Include="Util.c">
      <Filter>Source Files</Filter>
    </ClCompile>
    <ClCompile Include="WDMSetup.c">
      <Filter>Source Files</Filter>
    </ClCompile>
  </ItemGroup>
  <ItemGroup>
    <ResourceCompile Include="DevMgr.rc">
      <Filter>Source Files</Filter>
    </ResourceCompile>
  </ItemGroup>
  <ItemGroup>
    <ClInclude Include="DevMgr.h">
      <Filter>Header Files</Filter>
    </ClInclude>
    <ClInclude Include="GetTypeInfo.h">
      <Filter>Header Files</Filter>
    </ClInclude>
    <ClInclude Include="resource.h">
      <Filter>Header Files</Filter>
    </ClInclude>
    <ClInclude Include="Setup.h">
      <Filter>Header Files</Filter>
    </ClInclude>
    <ClInclude Include="SysSetup.h">
      <Filter>Header Files</Filter>
    </ClInclude>
    <ClInclude Include="Util.h">
      <Filter>Header Files</Filter>
    </ClInclude>
    <ClInclude Include="WDMSetup.h">
      <Filter>Header Files</Filter>
    </ClInclude>
  </ItemGroup>
  <ItemGroup>
    <Image Include="MYCOMP.BMP">
      <Filter>Resource Files</Filter>
    </Image>
    <Image Include="MYCOMP.ICO">
      <Filter>Resource Files</Filter>
    </Image>
  </ItemGroup>
</Project>