
Microsoft Visual Studio Solution File, Format Version 12.00
# Visual Studio 15
VisualStudioVersion = 15.0.26730.12
MinimumVisualStudioVersion = 10.0.40219.1
Project("{FAE04EC0-301F-11D3-BF4B-00C04F79EFBC}") = "DevMgr", "DevMgr\DevMgr.csproj", "{B4F32831-9F15-44F2-A85E-F66DEF5AF721}"
EndProject
Global
	GlobalSection(SolutionConfigurationPlatforms) = preSolution
		Debug|Any CPU = Debug|Any CPU
		Release|Any CPU = Release|Any CPU
	EndGlobalSection
	GlobalSection(ProjectConfigurationPlatforms) = postSolution
		{B4F32831-9F15-44F2-A85E-F66DEF5AF721}.Debug|Any CPU.ActiveCfg = Debug|Any CPU
		{B4F32831-9F15-44F2-A85E-F66DEF5AF721}.Debug|Any CPU.Build.0 = Debug|Any CPU
		{B4F32831-9F15-44F2-A85E-F66DEF5AF721}.Release|Any CPU.ActiveCfg = Release|Any CPU
		{B4F32831-9F15-44F2-A85E-F66DEF5AF721}.Release|Any CPU.Build.0 = Release|Any CPU
	EndGlobalSection
	GlobalSection(SolutionProperties) = preSolution
		HideSolutionNode = FALSE
	EndGlobalSection
	GlobalSection(ExtensibilityGlobals) = postSolution
		SolutionGuid = {0A973963-E4F0-4136-86F5-44EA69255DED}
	EndGlobalSection
EndGlobal
